
Microsoft Visual Studio Solution File, Format Version 12.00
# Visual Studio Version 17
VisualStudioVersion = 17.5.33516.290
MinimumVisualStudioVersion = 10.0.40219.1
Project("{54A90642-561A-4BB1-A94E-469ADEE60C69}") = "reactapp", "reactapp\reactapp.esproj", "{C982235B-E6E0-4BED-9999-74A38AF2830C}"
EndProject
Project("{9A19103F-16F7-4668-BE54-9A1E7A4F7556}") = "webapi", "webapi\webapi.csproj", "{C5B639A9-A8C5-45FB-AFBD-C1C4DF0530EF}"
EndProject
Global
	GlobalSection(SolutionConfigurationPlatforms) = preSolution
		Debug|Any CPU = Debug|Any CPU
		Release|Any CPU = Release|Any CPU
	EndGlobalSection
	GlobalSection(ProjectConfigurationPlatforms) = postSolution
		{C982235B-E6E0-4BED-9999-74A38AF2830C}.Debug|Any CPU.ActiveCfg = Debug|Any CPU
		{C982235B-E6E0-4BED-9999-74A38AF2830C}.Debug|Any CPU.Build.0 = Debug|Any CPU
		{C982235B-E6E0-4BED-9999-74A38AF2830C}.Debug|Any CPU.Deploy.0 = Debug|Any CPU
		{C982235B-E6E0-4BED-9999-74A38AF2830C}.Release|Any CPU.ActiveCfg = Release|Any CPU
		{C982235B-E6E0-4BED-9999-74A38AF2830C}.Release|Any CPU.Build.0 = Release|Any CPU
		{C982235B-E6E0-4BED-9999-74A38AF2830C}.Release|Any CPU.Deploy.0 = Release|Any CPU
		{C5B639A9-A8C5-45FB-AFBD-C1C4DF0530EF}.Debug|Any CPU.ActiveCfg = Debug|Any CPU
		{C5B639A9-A8C5-45FB-AFBD-C1C4DF0530EF}.Debug|Any CPU.Build.0 = Debug|Any CPU
		{C5B639A9-A8C5-45FB-AFBD-C1C4DF0530EF}.Release|Any CPU.ActiveCfg = Release|Any CPU
		{C5B639A9-A8C5-45FB-AFBD-C1C4DF0530EF}.Release|Any CPU.Build.0 = Release|Any CPU
	EndGlobalSection
	GlobalSection(SolutionProperties) = preSolution
		HideSolutionNode = FALSE
	EndGlobalSection
	GlobalSection(ExtensibilityGlobals) = postSolution
		SolutionGuid = {A2DFC4DA-B414-400B-9F9F-D6E57A72E2C5}
	EndGlobalSection
EndGlobal
